
Microsoft Visual Studio Solution File, Format Version 12.00
# Visual Studio 2017
Project("{FAE04EC0-301F-11D3-BF4B-00C04F79EFBC}") = "TestMilkProtocolTool", "TestMilkProtocolTool.csproj", "{D95C638E-BD2E-3C6E-EFE5-C2F6A94471E4}"
EndProject
Project("{FAE04EC0-301F-11D3-BF4B-00C04F79EFBC}") = "TestMilkProtocolTool.Editor", "TestMilkProtocolTool.Editor.csproj", "{12555175-C62B-DD10-CEE6-642034B77DC2}"
EndProject
Global
	GlobalSection(SolutionConfigurationPlatforms) = preSolution
		Debug|Any CPU = Debug|Any CPU
		Release|Any CPU = Release|Any CPU
	EndGlobalSection
	GlobalSection(ProjectConfigurationPlatforms) = postSolution
		{D95C638E-BD2E-3C6E-EFE5-C2F6A94471E4}.Debug|Any CPU.ActiveCfg = Debug|Any CPU
		{D95C638E-BD2E-3C6E-EFE5-C2F6A94471E4}.Debug|Any CPU.Build.0 = Debug|Any CPU
		{D95C638E-BD2E-3C6E-EFE5-C2F6A94471E4}.Release|Any CPU.ActiveCfg = Release|Any CPU
		{D95C638E-BD2E-3C6E-EFE5-C2F6A94471E4}.Release|Any CPU.Build.0 = Release|Any CPU
		{12555175-C62B-DD10-CEE6-642034B77DC2}.Debug|Any CPU.ActiveCfg = Debug|Any CPU
		{12555175-C62B-DD10-CEE6-642034B77DC2}.Debug|Any CPU.Build.0 = Debug|Any CPU
		{12555175-C62B-DD10-CEE6-642034B77DC2}.Release|Any CPU.ActiveCfg = Release|Any CPU
		{12555175-C62B-DD10-CEE6-642034B77DC2}.Release|Any CPU.Build.0 = Release|Any CPU
	EndGlobalSection
	GlobalSection(SolutionProperties) = preSolution
		HideSolutionNode = FALSE
	EndGlobalSection
EndGlobal
